
Microsoft Visual Studio Solution File, Format Version 12.00
# Visual Studio 15
VisualStudioVersion = 15.0.27130.2036
MinimumVisualStudioVersion = 10.0.40219.1
Project("{FAE04EC0-301F-11D3-BF4B-00C04F79EFBC}") = "AreannaBot", "AreannaBot\AreannaBot.csproj", "{B01C80A0-F153-4EAA-A141-3F56D1DC268F}"
EndProject
Project("{FAE04EC0-301F-11D3-BF4B-00C04F79EFBC}") = "Dal", "Dal\Dal.csproj", "{D8364701-DB86-4C38-8CBC-7C2D735D03D6}"
EndProject
Project("{FAE04EC0-301F-11D3-BF4B-00C04F79EFBC}") = "IDal", "IDal\IDal.csproj", "{73E70AC5-2909-4EF1-8653-460CBE3837E5}"
EndProject
Project("{FAE04EC0-301F-11D3-BF4B-00C04F79EFBC}") = "Logic", "Logic\Logic.csproj", "{9BE0AF4F-36F3-4C6A-B6D4-81F361A4D3AD}"
EndProject
Project("{FAE04EC0-301F-11D3-BF4B-00C04F79EFBC}") = "ILogic", "ILogic\ILogic.csproj", "{29DBE069-70D0-49BA-9D2E-C0761AD804B9}"
EndProject
Project("{FAE04EC0-301F-11D3-BF4B-00C04F79EFBC}") = "Factory", "Factory\Factory.csproj", "{8865F0E6-BB3A-4481-8B69-B3ED88306ABD}"
EndProject
Project("{FAE04EC0-301F-11D3-BF4B-00C04F79EFBC}") = "UnitTests", "DalTests\UnitTests.csproj", "{9BBC6D55-DE03-48A9-9C86-B800806D7AE3}"
EndProject
Global
	GlobalSection(SolutionConfigurationPlatforms) = preSolution
		Debug|Any CPU = Debug|Any CPU
		Debug|ARM = Debug|ARM
		Debug|x64 = Debug|x64
		Debug|x86 = Debug|x86
		Release|Any CPU = Release|Any CPU
		Release|ARM = Release|ARM
		Release|x64 = Release|x64
		Release|x86 = Release|x86
	EndGlobalSection
	GlobalSection(ProjectConfigurationPlatforms) = postSolution
		{B01C80A0-F153-4EAA-A141-3F56D1DC268F}.Debug|Any CPU.ActiveCfg = Debug|Any CPU
		{B01C80A0-F153-4EAA-A141-3F56D1DC268F}.Debug|Any CPU.Build.0 = Debug|Any CPU
		{B01C80A0-F153-4EAA-A141-3F56D1DC268F}.Debug|ARM.ActiveCfg = Debug|Any CPU
		{B01C80A0-F153-4EAA-A141-3F56D1DC268F}.Debug|ARM.Build.0 = Debug|Any CPU
		{B01C80A0-F153-4EAA-A141-3F56D1DC268F}.Debug|x64.ActiveCfg = Debug|Any CPU
		{B01C80A0-F153-4EAA-A141-3F56D1DC268F}.Debug|x64.Build.0 = Debug|Any CPU
		{B01C80A0-F153-4EAA-A141-3F56D1DC268F}.Debug|x86.ActiveCfg = Debug|Any CPU
		{B01C80A0-F153-4EAA-A141-3F56D1DC268F}.Debug|x86.Build.0 = Debug|Any CPU
		{B01C80A0-F153-4EAA-A141-3F56D1DC268F}.Release|Any CPU.ActiveCfg = Release|Any CPU
		{B01C80A0-F153-4EAA-A141-3F56D1DC268F}.Release|Any CPU.Build.0 = Release|Any CPU
		{B01C80A0-F153-4EAA-A141-3F56D1DC268F}.Release|ARM.ActiveCfg = Release|Any CPU
		{B01C80A0-F153-4EAA-A141-3F56D1DC268F}.Release|ARM.Build.0 = Release|Any CPU
		{B01C80A0-F153-4EAA-A141-3F56D1DC268F}.Release|x64.ActiveCfg = Release|Any CPU
		{B01C80A0-F153-4EAA-A141-3F56D1DC268F}.Release|x64.Build.0 = Release|Any CPU
		{B01C80A0-F153-4EAA-A141-3F56D1DC268F}.Release|x86.ActiveCfg = Release|Any CPU
		{B01C80A0-F153-4EAA-A141-3F56D1DC268F}.Release|x86.Build.0 = Release|Any CPU
		{D8364701-DB86-4C38-8CBC-7C2D735D03D6}.Debug|Any CPU.ActiveCfg = Debug|Any CPU
		{D8364701-DB86-4C38-8CBC-7C2D735D03D6}.Debug|Any CPU.Build.0 = Debug|Any CPU
		{D8364701-DB86-4C38-8CBC-7C2D735D03D6}.Debug|ARM.ActiveCfg = Debug|Any CPU
		{D8364701-DB86-4C38-8CBC-7C2D735D03D6}.Debug|ARM.Build.0 = Debug|Any CPU
		{D8364701-DB86-4C38-8CBC-7C2D735D03D6}.Debug|x64.ActiveCfg = Debug|Any CPU
		{D8364701-DB86-4C38-8CBC-7C2D735D03D6}.Debug|x64.Build.0 = Debug|Any CPU
		{D8364701-DB86-4C38-8CBC-7C2D735D03D6}.Debug|x86.ActiveCfg = Debug|Any CPU
		{D8364701-DB86-4C38-8CBC-7C2D735D03D6}.Debug|x86.Build.0 = Debug|Any CPU
		{D8364701-DB86-4C38-8CBC-7C2D735D03D6}.Release|Any CPU.ActiveCfg = Release|Any CPU
		{D8364701-DB86-4C38-8CBC-7C2D735D03D6}.Release|Any CPU.Build.0 = Release|Any CPU
		{D8364701-DB86-4C38-8CBC-7C2D735D03D6}.Release|ARM.ActiveCfg = Release|Any CPU
		{D8364701-DB86-4C38-8CBC-7C2D735D03D6}.Release|ARM.Build.0 = Release|Any CPU
		{D8364701-DB86-4C38-8CBC-7C2D735D03D6}.Release|x64.ActiveCfg = Release|Any CPU
		{D8364701-DB86-4C38-8CBC-7C2D735D03D6}.Release|x64.Build.0 = Release|Any CPU
		{D8364701-DB86-4C38-8CBC-7C2D735D03D6}.Release|x86.ActiveCfg = Release|Any CPU
		{D8364701-DB86-4C38-8CBC-7C2D735D03D6}.Release|x86.Build.0 = Release|Any CPU
		{73E70AC5-2909-4EF1-8653-460CBE3837E5}.Debug|Any CPU.ActiveCfg = Debug|Any CPU
		{73E70AC5-2909-4EF1-8653-460CBE3837E5}.Debug|Any CPU.Build.0 = Debug|Any CPU
		{73E70AC5-2909-4EF1-8653-460CBE3837E5}.Debug|ARM.ActiveCfg = Debug|Any CPU
		{73E70AC5-2909-4EF1-8653-460CBE3837E5}.Debug|ARM.Build.0 = Debug|Any CPU
		{73E70AC5-2909-4EF1-8653-460CBE3837E5}.Debug|x64.ActiveCfg = Debug|Any CPU
		{73E70AC5-2909-4EF1-8653-460CBE3837E5}.Debug|x64.Build.0 = Debug|Any CPU
		{73E70AC5-2909-4EF1-8653-460CBE3837E5}.Debug|x86.ActiveCfg = Debug|Any CPU
		{73E70AC5-2909-4EF1-8653-460CBE3837E5}.Debug|x86.Build.0 = Debug|Any CPU
		{73E70AC5-2909-4EF1-8653-460CBE3837E5}.Release|Any CPU.ActiveCfg = Release|Any CPU
		{73E70AC5-2909-4EF1-8653-460CBE3837E5}.Release|Any CPU.Build.0 = Release|Any CPU
		{73E70AC5-2909-4EF1-8653-460CBE3837E5}.Release|ARM.ActiveCfg = Release|Any CPU
		{73E70AC5-2909-4EF1-8653-460CBE3837E5}.Release|ARM.Build.0 = Release|Any CPU
		{73E70AC5-2909-4EF1-8653-460CBE3837E5}.Release|x64.ActiveCfg = Release|Any CPU
		{73E70AC5-2909-4EF1-8653-460CBE3837E5}.Release|x64.Build.0 = Release|Any CPU
		{73E70AC5-2909-4EF1-8653-460CBE3837E5}.Release|x86.ActiveCfg = Release|Any CPU
		{73E70AC5-2909-4EF1-8653-460CBE3837E5}.Release|x86.Build.0 = Release|Any CPU
		{9BE0AF4F-36F3-4C6A-B6D4-81F361A4D3AD}.Debug|Any CPU.ActiveCfg = Debug|Any CPU
		{9BE0AF4F-36F3-4C6A-B6D4-81F361A4D3AD}.Debug|Any CPU.Build.0 = Debug|Any CPU
		{9BE0AF4F-36F3-4C6A-B6D4-81F361A4D3AD}.Debug|ARM.ActiveCfg = Debug|Any CPU
		{9BE0AF4F-36F3-4C6A-B6D4-81F361A4D3AD}.Debug|ARM.Build.0 = Debug|Any CPU
		{9BE0AF4F-36F3-4C6A-B6D4-81F361A4D3AD}.Debug|x64.ActiveCfg = Debug|Any CPU
		{9BE0AF4F-36F3-4C6A-B6D4-81F361A4D3AD}.Debug|x64.Build.0 = Debug|Any CPU
		{9BE0AF4F-36F3-4C6A-B6D4-81F361A4D3AD}.Debug|x86.ActiveCfg = Debug|Any CPU
		{9BE0AF4F-36F3-4C6A-B6D4-81F361A4D3AD}.Debug|x86.Build.0 = Debug|Any CPU
		{9BE0AF4F-36F3-4C6A-B6D4-81F361A4D3AD}.Release|Any CPU.ActiveCfg = Release|Any CPU
		{9BE0AF4F-36F3-4C6A-B6D4-81F361A4D3AD}.Release|Any CPU.Build.0 = Release|Any CPU
		{9BE0AF4F-36F3-4C6A-B6D4-81F361A4D3AD}.Release|ARM.ActiveCfg = Release|Any CPU
		{9BE0AF4F-36F3-4C6A-B6D4-81F361A4D3AD}.Release|ARM.Build.0 = Release|Any CPU
		{9BE0AF4F-36F3-4C6A-B6D4-81F361A4D3AD}.Release|x64.ActiveCfg = Release|Any CPU
		{9BE0AF4F-36F3-4C6A-B6D4-81F361A4D3AD}.Release|x64.Build.0 = Release|Any CPU
		{9BE0AF4F-36F3-4C6A-B6D4-81F361A4D3AD}.Release|x86.ActiveCfg = Release|Any CPU
		{9BE0AF4F-36F3-4C6A-B6D4-81F361A4D3AD}.Release|x86.Build.0 = Release|Any CPU
		{29DBE069-70D0-49BA-9D2E-C0761AD804B9}.Debug|Any CPU.ActiveCfg = Debug|Any CPU
		{29DBE069-70D0-49BA-9D2E-C0761AD804B9}.Debug|Any CPU.Build.0 = Debug|Any CPU
		{29DBE069-70D0-49BA-9D2E-C0761AD804B9}.Debug|ARM.ActiveCfg = Debug|Any CPU
		{29DBE069-70D0-49BA-9D2E-C0761AD804B9}.Debug|ARM.Build.0 = Debug|Any CPU
		{29DBE069-70D0-49BA-9D2E-C0761AD804B9}.Debug|x64.ActiveCfg = Debug|Any CPU
		{29DBE069-70D0-49BA-9D2E-C0761AD804B9}.Debug|x64.Build.0 = Debug|Any CPU
		{29DBE069-70D0-49BA-9D2E-C0761AD804B9}.Debug|x86.ActiveCfg = Debug|Any CPU
		{29DBE069-70D0-49BA-9D2E-C0761AD804B9}.Debug|x86.Build.0 = Debug|Any CPU
		{29DBE069-70D0-49BA-9D2E-C0761AD804B9}.Release|Any CPU.ActiveCfg = Release|Any CPU
		{29DBE069-70D0-49BA-9D2E-C0761AD804B9}.Release|Any CPU.Build.0 = Release|Any CPU
		{29DBE069-70D0-49BA-9D2E-C0761AD804B9}.Release|ARM.ActiveCfg = Release|Any CPU
		{29DBE069-70D0-49BA-9D2E-C0761AD804B9}.Release|ARM.Build.0 = Release|Any CPU
		{29DBE069-70D0-49BA-9D2E-C0761AD804B9}.Release|x64.ActiveCfg = Release|Any CPU
		{29DBE069-70D0-49BA-9D2E-C0761AD804B9}.Release|x64.Build.0 = Release|Any CPU
		{29DBE069-70D0-49BA-9D2E-C0761AD804B9}.Release|x86.ActiveCfg = Release|Any CPU
		{29DBE069-70D0-49BA-9D2E-C0761AD804B9}.Release|x86.Build.0 = Release|Any CPU
		{8865F0E6-BB3A-4481-8B69-B3ED88306ABD}.Debug|Any CPU.ActiveCfg = Debug|Any CPU
		{8865F0E6-BB3A-4481-8B69-B3ED88306ABD}.Debug|Any CPU.Build.0 = Debug|Any CPU
		{8865F0E6-BB3A-4481-8B69-B3ED88306ABD}.Debug|ARM.ActiveCfg = Debug|Any CPU
		{8865F0E6-BB3A-4481-8B69-B3ED88306ABD}.Debug|ARM.Build.0 = Debug|Any CPU
		{8865F0E6-BB3A-4481-8B69-B3ED88306ABD}.Debug|x64.ActiveCfg = Debug|Any CPU
		{8865F0E6-BB3A-4481-8B69-B3ED88306ABD}.Debug|x64.Build.0 = Debug|Any CPU
		{8865F0E6-BB3A-4481-8B69-B3ED88306ABD}.Debug|x86.ActiveCfg = Debug|Any CPU
		{8865F0E6-BB3A-4481-8B69-B3ED88306ABD}.Debug|x86.Build.0 = Debug|Any CPU
		{8865F0E6-BB3A-4481-8B69-B3ED88306ABD}.Release|Any CPU.ActiveCfg = Release|Any CPU
		{8865F0E6-BB3A-4481-8B69-B3ED88306ABD}.Release|Any CPU.Build.0 = Release|Any CPU
		{8865F0E6-BB3A-4481-8B69-B3ED88306ABD}.Release|ARM.ActiveCfg = Release|Any CPU
		{8865F0E6-BB3A-4481-8B69-B3ED88306ABD}.Release|ARM.Build.0 = Release|Any CPU
		{8865F0E6-BB3A-4481-8B69-B3ED88306ABD}.Release|x64.ActiveCfg = Release|Any CPU
		{8865F0E6-BB3A-4481-8B69-B3ED88306ABD}.Release|x64.Build.0 = Release|Any CPU
		{8865F0E6-BB3A-4481-8B69-B3ED88306ABD}.Release|x86.ActiveCfg = Release|Any CPU
		{8865F0E6-BB3A-4481-8B69-B3ED88306ABD}.Release|x86.Build.0 = Release|Any CPU
		{9BBC6D55-DE03-48A9-9C86-B800806D7AE3}.Debug|Any CPU.ActiveCfg = Debug|Any CPU
		{9BBC6D55-DE03-48A9-9C86-B800806D7AE3}.Debug|Any CPU.Build.0 = Debug|Any CPU
		{9BBC6D55-DE03-48A9-9C86-B800806D7AE3}.Debug|ARM.ActiveCfg = Debug|Any CPU
		{9BBC6D55-DE03-48A9-9C86-B800806D7AE3}.Debug|ARM.Build.0 = Debug|Any CPU
		{9BBC6D55-DE03-48A9-9C86-B800806D7AE3}.Debug|x64.ActiveCfg = Debug|Any CPU
		{9BBC6D55-DE03-48A9-9C86-B800806D7AE3}.Debug|x64.Build.0 = Debug|Any CPU
		{9BBC6D55-DE03-48A9-9C86-B800806D7AE3}.Debug|x86.ActiveCfg = Debug|Any CPU
		{9BBC6D55-DE03-48A9-9C86-B800806D7AE3}.Debug|x86.Build.0 = Debug|Any CPU
		{9BBC6D55-DE03-48A9-9C86-B800806D7AE3}.Release|Any CPU.ActiveCfg = Release|Any CPU
		{9BBC6D55-DE03-48A9-9C86-B800806D7AE3}.Release|Any CPU.Build.0 = Release|Any CPU
		{9BBC6D55-DE03-48A9-9C86-B800806D7AE3}.Release|ARM.ActiveCfg = Release|Any CPU
		{9BBC6D55-DE03-48A9-9C86-B800806D7AE3}.Release|ARM.Build.0 = Release|Any CPU
		{9BBC6D55-DE03-48A9-9C86-B800806D7AE3}.Release|x64.ActiveCfg = Release|Any CPU
		{9BBC6D55-DE03-48A9-9C86-B800806D7AE3}.Release|x64.Build.0 = Release|Any CPU
		{9BBC6D55-DE03-48A9-9C86-B800806D7AE3}.Release|x86.ActiveCfg = Release|Any CPU
		{9BBC6D55-DE03-48A9-9C86-B800806D7AE3}.Release|x86.Build.0 = Release|Any CPU
	EndGlobalSection
	GlobalSection(SolutionProperties) = preSolution
		HideSolutionNode = FALSE
	EndGlobalSection
	GlobalSection(ExtensibilityGlobals) = postSolution
		SolutionGuid = {D59BD88A-AC98-46FD-BCB7-09705843FF86}
	EndGlobalSection
EndGlobal
