
Microsoft Visual Studio Solution File, Format Version 12.00
# Visual Studio 15
VisualStudioVersion = 15.0.28010.2026
MinimumVisualStudioVersion = 10.0.40219.1
Project("{FAE04EC0-301F-11D3-BF4B-00C04F79EFBC}") = "Yuno.Main", "Yuno.Main\Yuno.Main.csproj", "{12DAED23-FC6E-4124-9192-A1221B4EA7BB}"
EndProject
Project("{2150E333-8FDC-42A3-9474-1A3956D46DE8}") = "Logic", "Logic", "{6A17BB20-1FB8-4888-A32A-C3FD5D2948AD}"
EndProject
Project("{2150E333-8FDC-42A3-9474-1A3956D46DE8}") = "UI", "UI", "{3ED471C7-C3E9-4A2D-BF1D-81207ECF33E2}"
EndProject
Project("{2150E333-8FDC-42A3-9474-1A3956D46DE8}") = "Factory", "Factory", "{D01A5321-CC67-4B62-B5B2-13C210AD8E64}"
EndProject
Project("{2150E333-8FDC-42A3-9474-1A3956D46DE8}") = "DAL", "DAL", "{027EA0BB-F23B-4309-840A-3E2711D2A2C7}"
EndProject
Project("{2150E333-8FDC-42A3-9474-1A3956D46DE8}") = "IDAL", "IDAL", "{8BD87FDA-802A-4FFD-91D3-02E2B239D1C8}"
EndProject
Project("{2150E333-8FDC-42A3-9474-1A3956D46DE8}") = "ILogic", "ILogic", "{9E7D19AB-EFCF-447C-9DA9-EAA1738AB1AC}"
EndProject
Project("{FAE04EC0-301F-11D3-BF4B-00C04F79EFBC}") = "Yuno", "Yuno\Yuno.csproj", "{BFA170F2-3851-4FB1-B4DE-B56546DD0678}"
EndProject
Project("{FAE04EC0-301F-11D3-BF4B-00C04F79EFBC}") = "Yuno.Data.Json", "Yuno.Data.Json\Yuno.Data.Json.csproj", "{214E6AB5-764F-4B3E-AFD8-756C101B9141}"
EndProject
Project("{FAE04EC0-301F-11D3-BF4B-00C04F79EFBC}") = "Yuno.Data.Serializer", "Yuno.Data.Serializer\Yuno.Data.Serializer.csproj", "{5FE6A8A0-17E6-4D34-8625-1C95212B2E30}"
EndProject
Project("{FAE04EC0-301F-11D3-BF4B-00C04F79EFBC}") = "Yuno.Data.Factory", "Yuno.Data.Factory\Yuno.Data.Factory.csproj", "{001D9D61-F877-49F3-8A7B-A5C6755E38F8}"
EndProject
Project("{FAE04EC0-301F-11D3-BF4B-00C04F79EFBC}") = "Yuno.Data.Core", "Yuno.Data.Core\Yuno.Data.Core.csproj", "{51B488DA-4932-46D8-B33B-15752B5302C3}"
EndProject
Project("{FAE04EC0-301F-11D3-BF4B-00C04F79EFBC}") = "Yuno.Main.Factory", "Yuno.Main.Factory\Yuno.Main.Factory.csproj", "{CE741855-3DEB-4C41-8659-B27AFDFF0078}"
EndProject
Project("{FAE04EC0-301F-11D3-BF4B-00C04F79EFBC}") = "Yuno.Main.Core", "Yuno.Main.Core\Yuno.Main.Core.csproj", "{B4590B91-19ED-4566-BCCC-950B5228A760}"
EndProject
Project("{FAE04EC0-301F-11D3-BF4B-00C04F79EFBC}") = "Yuno.Main.AutoChannel", "Yuno.Main.AutoChannel\Yuno.Main.AutoChannel.csproj", "{BFAE91C8-4E11-426B-9402-6DFBEB654A7E}"
EndProject
Project("{FAE04EC0-301F-11D3-BF4B-00C04F79EFBC}") = "Yuno.Main.Commands", "Yuno.Main.Commands\Yuno.Main.Commands.csproj", "{0F22BC0C-7C49-47E7-96AF-3D83E16F1B9D}"
EndProject
Project("{FAE04EC0-301F-11D3-BF4B-00C04F79EFBC}") = "Yuno.Main.Extentions", "Yuno.Main.Extentions\Yuno.Main.Extentions.csproj", "{719368A9-8969-4F4D-8D80-BEE4CD997C11}"
EndProject
Project("{FAE04EC0-301F-11D3-BF4B-00C04F79EFBC}") = "Yuno.Logic", "Yuno.Logic\Yuno.Logic.csproj", "{644A9C88-8B2D-4659-AEC2-8F3227F4820E}"
EndProject
Project("{FAE04EC0-301F-11D3-BF4B-00C04F79EFBC}") = "Yuno.Main.Music", "Yuno.Main.Music\Yuno.Main.Music.csproj", "{6521294B-B78F-4EA2-853B-32F88563CF5E}"
EndProject
Project("{FAE04EC0-301F-11D3-BF4B-00C04F79EFBC}") = "Yuno.Main.Restart", "Yuno.Main.Restart\Yuno.Main.Restart.csproj", "{1D798E98-6013-4391-9FE0-8E066F606C1B}"
EndProject
Global
	GlobalSection(SolutionConfigurationPlatforms) = preSolution
		Debug|Any CPU = Debug|Any CPU
		Debug|x64 = Debug|x64
		Release|Any CPU = Release|Any CPU
		Release|x64 = Release|x64
	EndGlobalSection
	GlobalSection(ProjectConfigurationPlatforms) = postSolution
		{12DAED23-FC6E-4124-9192-A1221B4EA7BB}.Debug|Any CPU.ActiveCfg = Debug|Any CPU
		{12DAED23-FC6E-4124-9192-A1221B4EA7BB}.Debug|Any CPU.Build.0 = Debug|Any CPU
		{12DAED23-FC6E-4124-9192-A1221B4EA7BB}.Debug|x64.ActiveCfg = Debug|x64
		{12DAED23-FC6E-4124-9192-A1221B4EA7BB}.Debug|x64.Build.0 = Debug|x64
		{12DAED23-FC6E-4124-9192-A1221B4EA7BB}.Release|Any CPU.ActiveCfg = Release|Any CPU
		{12DAED23-FC6E-4124-9192-A1221B4EA7BB}.Release|Any CPU.Build.0 = Release|Any CPU
		{12DAED23-FC6E-4124-9192-A1221B4EA7BB}.Release|x64.ActiveCfg = Release|x64
		{12DAED23-FC6E-4124-9192-A1221B4EA7BB}.Release|x64.Build.0 = Release|x64
		{BFA170F2-3851-4FB1-B4DE-B56546DD0678}.Debug|Any CPU.ActiveCfg = Debug|Any CPU
		{BFA170F2-3851-4FB1-B4DE-B56546DD0678}.Debug|Any CPU.Build.0 = Debug|Any CPU
		{BFA170F2-3851-4FB1-B4DE-B56546DD0678}.Debug|x64.ActiveCfg = Debug|x64
		{BFA170F2-3851-4FB1-B4DE-B56546DD0678}.Debug|x64.Build.0 = Debug|x64
		{BFA170F2-3851-4FB1-B4DE-B56546DD0678}.Release|Any CPU.ActiveCfg = Release|Any CPU
		{BFA170F2-3851-4FB1-B4DE-B56546DD0678}.Release|Any CPU.Build.0 = Release|Any CPU
		{BFA170F2-3851-4FB1-B4DE-B56546DD0678}.Release|x64.ActiveCfg = Release|x64
		{BFA170F2-3851-4FB1-B4DE-B56546DD0678}.Release|x64.Build.0 = Release|x64
		{214E6AB5-764F-4B3E-AFD8-756C101B9141}.Debug|Any CPU.ActiveCfg = Debug|Any CPU
		{214E6AB5-764F-4B3E-AFD8-756C101B9141}.Debug|Any CPU.Build.0 = Debug|Any CPU
		{214E6AB5-764F-4B3E-AFD8-756C101B9141}.Debug|x64.ActiveCfg = Debug|x64
		{214E6AB5-764F-4B3E-AFD8-756C101B9141}.Debug|x64.Build.0 = Debug|x64
		{214E6AB5-764F-4B3E-AFD8-756C101B9141}.Release|Any CPU.ActiveCfg = Release|Any CPU
		{214E6AB5-764F-4B3E-AFD8-756C101B9141}.Release|Any CPU.Build.0 = Release|Any CPU
		{214E6AB5-764F-4B3E-AFD8-756C101B9141}.Release|x64.ActiveCfg = Release|x64
		{214E6AB5-764F-4B3E-AFD8-756C101B9141}.Release|x64.Build.0 = Release|x64
		{5FE6A8A0-17E6-4D34-8625-1C95212B2E30}.Debug|Any CPU.ActiveCfg = Debug|Any CPU
		{5FE6A8A0-17E6-4D34-8625-1C95212B2E30}.Debug|Any CPU.Build.0 = Debug|Any CPU
		{5FE6A8A0-17E6-4D34-8625-1C95212B2E30}.Debug|x64.ActiveCfg = Debug|x64
		{5FE6A8A0-17E6-4D34-8625-1C95212B2E30}.Debug|x64.Build.0 = Debug|x64
		{5FE6A8A0-17E6-4D34-8625-1C95212B2E30}.Release|Any CPU.ActiveCfg = Release|Any CPU
		{5FE6A8A0-17E6-4D34-8625-1C95212B2E30}.Release|Any CPU.Build.0 = Release|Any CPU
		{5FE6A8A0-17E6-4D34-8625-1C95212B2E30}.Release|x64.ActiveCfg = Release|x64
		{5FE6A8A0-17E6-4D34-8625-1C95212B2E30}.Release|x64.Build.0 = Release|x64
		{001D9D61-F877-49F3-8A7B-A5C6755E38F8}.Debug|Any CPU.ActiveCfg = Debug|Any CPU
		{001D9D61-F877-49F3-8A7B-A5C6755E38F8}.Debug|Any CPU.Build.0 = Debug|Any CPU
		{001D9D61-F877-49F3-8A7B-A5C6755E38F8}.Debug|x64.ActiveCfg = Debug|x64
		{001D9D61-F877-49F3-8A7B-A5C6755E38F8}.Debug|x64.Build.0 = Debug|x64
		{001D9D61-F877-49F3-8A7B-A5C6755E38F8}.Release|Any CPU.ActiveCfg = Release|Any CPU
		{001D9D61-F877-49F3-8A7B-A5C6755E38F8}.Release|Any CPU.Build.0 = Release|Any CPU
		{001D9D61-F877-49F3-8A7B-A5C6755E38F8}.Release|x64.ActiveCfg = Release|x64
		{001D9D61-F877-49F3-8A7B-A5C6755E38F8}.Release|x64.Build.0 = Release|x64
		{51B488DA-4932-46D8-B33B-15752B5302C3}.Debug|Any CPU.ActiveCfg = Debug|Any CPU
		{51B488DA-4932-46D8-B33B-15752B5302C3}.Debug|Any CPU.Build.0 = Debug|Any CPU
		{51B488DA-4932-46D8-B33B-15752B5302C3}.Debug|x64.ActiveCfg = Debug|x64
		{51B488DA-4932-46D8-B33B-15752B5302C3}.Debug|x64.Build.0 = Debug|x64
		{51B488DA-4932-46D8-B33B-15752B5302C3}.Release|Any CPU.ActiveCfg = Release|Any CPU
		{51B488DA-4932-46D8-B33B-15752B5302C3}.Release|Any CPU.Build.0 = Release|Any CPU
		{51B488DA-4932-46D8-B33B-15752B5302C3}.Release|x64.ActiveCfg = Release|x64
		{51B488DA-4932-46D8-B33B-15752B5302C3}.Release|x64.Build.0 = Release|x64
		{CE741855-3DEB-4C41-8659-B27AFDFF0078}.Debug|Any CPU.ActiveCfg = Debug|Any CPU
		{CE741855-3DEB-4C41-8659-B27AFDFF0078}.Debug|Any CPU.Build.0 = Debug|Any CPU
		{CE741855-3DEB-4C41-8659-B27AFDFF0078}.Debug|x64.ActiveCfg = Debug|x64
		{CE741855-3DEB-4C41-8659-B27AFDFF0078}.Debug|x64.Build.0 = Debug|x64
		{CE741855-3DEB-4C41-8659-B27AFDFF0078}.Release|Any CPU.ActiveCfg = Release|Any CPU
		{CE741855-3DEB-4C41-8659-B27AFDFF0078}.Release|Any CPU.Build.0 = Release|Any CPU
		{CE741855-3DEB-4C41-8659-B27AFDFF0078}.Release|x64.ActiveCfg = Release|x64
		{CE741855-3DEB-4C41-8659-B27AFDFF0078}.Release|x64.Build.0 = Release|x64
		{B4590B91-19ED-4566-BCCC-950B5228A760}.Debug|Any CPU.ActiveCfg = Debug|Any CPU
		{B4590B91-19ED-4566-BCCC-950B5228A760}.Debug|Any CPU.Build.0 = Debug|Any CPU
		{B4590B91-19ED-4566-BCCC-950B5228A760}.Debug|x64.ActiveCfg = Debug|x64
		{B4590B91-19ED-4566-BCCC-950B5228A760}.Debug|x64.Build.0 = Debug|x64
		{B4590B91-19ED-4566-BCCC-950B5228A760}.Release|Any CPU.ActiveCfg = Release|Any CPU
		{B4590B91-19ED-4566-BCCC-950B5228A760}.Release|Any CPU.Build.0 = Release|Any CPU
		{B4590B91-19ED-4566-BCCC-950B5228A760}.Release|x64.ActiveCfg = Release|x64
		{B4590B91-19ED-4566-BCCC-950B5228A760}.Release|x64.Build.0 = Release|x64
		{BFAE91C8-4E11-426B-9402-6DFBEB654A7E}.Debug|Any CPU.ActiveCfg = Debug|Any CPU
		{BFAE91C8-4E11-426B-9402-6DFBEB654A7E}.Debug|Any CPU.Build.0 = Debug|Any CPU
		{BFAE91C8-4E11-426B-9402-6DFBEB654A7E}.Debug|x64.ActiveCfg = Debug|x64
		{BFAE91C8-4E11-426B-9402-6DFBEB654A7E}.Debug|x64.Build.0 = Debug|x64
		{BFAE91C8-4E11-426B-9402-6DFBEB654A7E}.Release|Any CPU.ActiveCfg = Release|Any CPU
		{BFAE91C8-4E11-426B-9402-6DFBEB654A7E}.Release|Any CPU.Build.0 = Release|Any CPU
		{BFAE91C8-4E11-426B-9402-6DFBEB654A7E}.Release|x64.ActiveCfg = Release|x64
		{BFAE91C8-4E11-426B-9402-6DFBEB654A7E}.Release|x64.Build.0 = Release|x64
		{0F22BC0C-7C49-47E7-96AF-3D83E16F1B9D}.Debug|Any CPU.ActiveCfg = Debug|Any CPU
		{0F22BC0C-7C49-47E7-96AF-3D83E16F1B9D}.Debug|Any CPU.Build.0 = Debug|Any CPU
		{0F22BC0C-7C49-47E7-96AF-3D83E16F1B9D}.Debug|x64.ActiveCfg = Debug|x64
		{0F22BC0C-7C49-47E7-96AF-3D83E16F1B9D}.Debug|x64.Build.0 = Debug|x64
		{0F22BC0C-7C49-47E7-96AF-3D83E16F1B9D}.Release|Any CPU.ActiveCfg = Release|Any CPU
		{0F22BC0C-7C49-47E7-96AF-3D83E16F1B9D}.Release|Any CPU.Build.0 = Release|Any CPU
		{0F22BC0C-7C49-47E7-96AF-3D83E16F1B9D}.Release|x64.ActiveCfg = Release|x64
		{0F22BC0C-7C49-47E7-96AF-3D83E16F1B9D}.Release|x64.Build.0 = Release|x64
		{719368A9-8969-4F4D-8D80-BEE4CD997C11}.Debug|Any CPU.ActiveCfg = Debug|Any CPU
		{719368A9-8969-4F4D-8D80-BEE4CD997C11}.Debug|Any CPU.Build.0 = Debug|Any CPU
		{719368A9-8969-4F4D-8D80-BEE4CD997C11}.Debug|x64.ActiveCfg = Debug|x64
		{719368A9-8969-4F4D-8D80-BEE4CD997C11}.Debug|x64.Build.0 = Debug|x64
		{719368A9-8969-4F4D-8D80-BEE4CD997C11}.Release|Any CPU.ActiveCfg = Release|Any CPU
		{719368A9-8969-4F4D-8D80-BEE4CD997C11}.Release|Any CPU.Build.0 = Release|Any CPU
		{719368A9-8969-4F4D-8D80-BEE4CD997C11}.Release|x64.ActiveCfg = Release|x64
		{719368A9-8969-4F4D-8D80-BEE4CD997C11}.Release|x64.Build.0 = Release|x64
		{644A9C88-8B2D-4659-AEC2-8F3227F4820E}.Debug|Any CPU.ActiveCfg = Debug|Any CPU
		{644A9C88-8B2D-4659-AEC2-8F3227F4820E}.Debug|Any CPU.Build.0 = Debug|Any CPU
		{644A9C88-8B2D-4659-AEC2-8F3227F4820E}.Debug|x64.ActiveCfg = Debug|x64
		{644A9C88-8B2D-4659-AEC2-8F3227F4820E}.Debug|x64.Build.0 = Debug|x64
		{644A9C88-8B2D-4659-AEC2-8F3227F4820E}.Release|Any CPU.ActiveCfg = Release|Any CPU
		{644A9C88-8B2D-4659-AEC2-8F3227F4820E}.Release|Any CPU.Build.0 = Release|Any CPU
		{644A9C88-8B2D-4659-AEC2-8F3227F4820E}.Release|x64.ActiveCfg = Release|x64
		{644A9C88-8B2D-4659-AEC2-8F3227F4820E}.Release|x64.Build.0 = Release|x64
		{6521294B-B78F-4EA2-853B-32F88563CF5E}.Debug|Any CPU.ActiveCfg = Debug|Any CPU
		{6521294B-B78F-4EA2-853B-32F88563CF5E}.Debug|Any CPU.Build.0 = Debug|Any CPU
		{6521294B-B78F-4EA2-853B-32F88563CF5E}.Debug|x64.ActiveCfg = Debug|x64
		{6521294B-B78F-4EA2-853B-32F88563CF5E}.Debug|x64.Build.0 = Debug|x64
		{6521294B-B78F-4EA2-853B-32F88563CF5E}.Release|Any CPU.ActiveCfg = Release|Any CPU
		{6521294B-B78F-4EA2-853B-32F88563CF5E}.Release|Any CPU.Build.0 = Release|Any CPU
		{6521294B-B78F-4EA2-853B-32F88563CF5E}.Release|x64.ActiveCfg = Release|x64
		{6521294B-B78F-4EA2-853B-32F88563CF5E}.Release|x64.Build.0 = Release|x64
		{1D798E98-6013-4391-9FE0-8E066F606C1B}.Debug|Any CPU.ActiveCfg = Debug|Any CPU
		{1D798E98-6013-4391-9FE0-8E066F606C1B}.Debug|Any CPU.Build.0 = Debug|Any CPU
		{1D798E98-6013-4391-9FE0-8E066F606C1B}.Debug|x64.ActiveCfg = Debug|x64
		{1D798E98-6013-4391-9FE0-8E066F606C1B}.Debug|x64.Build.0 = Debug|x64
		{1D798E98-6013-4391-9FE0-8E066F606C1B}.Release|Any CPU.ActiveCfg = Release|Any CPU
		{1D798E98-6013-4391-9FE0-8E066F606C1B}.Release|Any CPU.Build.0 = Release|Any CPU
		{1D798E98-6013-4391-9FE0-8E066F606C1B}.Release|x64.ActiveCfg = Release|x64
		{1D798E98-6013-4391-9FE0-8E066F606C1B}.Release|x64.Build.0 = Release|x64
	EndGlobalSection
	GlobalSection(SolutionProperties) = preSolution
		HideSolutionNode = FALSE
	EndGlobalSection
	GlobalSection(NestedProjects) = preSolution
		{12DAED23-FC6E-4124-9192-A1221B4EA7BB} = {6A17BB20-1FB8-4888-A32A-C3FD5D2948AD}
		{BFA170F2-3851-4FB1-B4DE-B56546DD0678} = {3ED471C7-C3E9-4A2D-BF1D-81207ECF33E2}
		{214E6AB5-764F-4B3E-AFD8-756C101B9141} = {027EA0BB-F23B-4309-840A-3E2711D2A2C7}
		{5FE6A8A0-17E6-4D34-8625-1C95212B2E30} = {027EA0BB-F23B-4309-840A-3E2711D2A2C7}
		{001D9D61-F877-49F3-8A7B-A5C6755E38F8} = {D01A5321-CC67-4B62-B5B2-13C210AD8E64}
		{51B488DA-4932-46D8-B33B-15752B5302C3} = {8BD87FDA-802A-4FFD-91D3-02E2B239D1C8}
		{CE741855-3DEB-4C41-8659-B27AFDFF0078} = {D01A5321-CC67-4B62-B5B2-13C210AD8E64}
		{B4590B91-19ED-4566-BCCC-950B5228A760} = {9E7D19AB-EFCF-447C-9DA9-EAA1738AB1AC}
		{BFAE91C8-4E11-426B-9402-6DFBEB654A7E} = {6A17BB20-1FB8-4888-A32A-C3FD5D2948AD}
		{0F22BC0C-7C49-47E7-96AF-3D83E16F1B9D} = {6A17BB20-1FB8-4888-A32A-C3FD5D2948AD}
		{719368A9-8969-4F4D-8D80-BEE4CD997C11} = {6A17BB20-1FB8-4888-A32A-C3FD5D2948AD}
		{644A9C88-8B2D-4659-AEC2-8F3227F4820E} = {6A17BB20-1FB8-4888-A32A-C3FD5D2948AD}
		{6521294B-B78F-4EA2-853B-32F88563CF5E} = {6A17BB20-1FB8-4888-A32A-C3FD5D2948AD}
		{1D798E98-6013-4391-9FE0-8E066F606C1B} = {6A17BB20-1FB8-4888-A32A-C3FD5D2948AD}
	EndGlobalSection
	GlobalSection(ExtensibilityGlobals) = postSolution
		SolutionGuid = {4664C1C9-873D-4E69-BF3A-6C71CA27CA7A}
	EndGlobalSection
EndGlobal
