
Microsoft Visual Studio Solution File, Format Version 12.00
# Visual Studio 15
VisualStudioVersion = 15.0.28010.2026
MinimumVisualStudioVersion = 10.0.40219.1
Project("{2150E333-8FDC-42A3-9474-1A3956D46DE8}") = "Logic", "Logic", "{6A17BB20-1FB8-4888-A32A-C3FD5D2948AD}"
EndProject
Project("{2150E333-8FDC-42A3-9474-1A3956D46DE8}") = "UI", "UI", "{3ED471C7-C3E9-4A2D-BF1D-81207ECF33E2}"
EndProject
Project("{2150E333-8FDC-42A3-9474-1A3956D46DE8}") = "Factory", "Factory", "{D01A5321-CC67-4B62-B5B2-13C210AD8E64}"
EndProject
Project("{2150E333-8FDC-42A3-9474-1A3956D46DE8}") = "DAL", "DAL", "{027EA0BB-F23B-4309-840A-3E2711D2A2C7}"
EndProject
Project("{2150E333-8FDC-42A3-9474-1A3956D46DE8}") = "IDAL", "IDAL", "{8BD87FDA-802A-4FFD-91D3-02E2B239D1C8}"
EndProject
Project("{2150E333-8FDC-42A3-9474-1A3956D46DE8}") = "ILogic", "ILogic", "{9E7D19AB-EFCF-447C-9DA9-EAA1738AB1AC}"
EndProject
Project("{FAE04EC0-301F-11D3-BF4B-00C04F79EFBC}") = "Logic", "Logic\Logic.csproj", "{C43515C8-8137-4FA9-A249-E65DD49895F5}"
EndProject
Project("{FAE04EC0-301F-11D3-BF4B-00C04F79EFBC}") = "ILogic", "ILogic\ILogic.csproj", "{DC5551FE-0C12-44D7-B9E6-63580CD88E4B}"
EndProject
Project("{FAE04EC0-301F-11D3-BF4B-00C04F79EFBC}") = "IDal", "IDal\IDal.csproj", "{9AB330C0-6423-4E40-948E-2A16068D7D94}"
EndProject
Project("{FAE04EC0-301F-11D3-BF4B-00C04F79EFBC}") = "Dal", "Dal\Dal.csproj", "{15F3F546-B7F1-4605-BDB4-C20986063BED}"
EndProject
Project("{FAE04EC0-301F-11D3-BF4B-00C04F79EFBC}") = "Yuno", "Console\Yuno.csproj", "{E05CBCDB-1464-4FF5-B11C-D2C712E7084D}"
EndProject
Project("{FAE04EC0-301F-11D3-BF4B-00C04F79EFBC}") = "LogicFactory", "LogicFactory\LogicFactory.csproj", "{AD81BC82-1F05-4871-80BF-00E13F80BC17}"
EndProject
Project("{FAE04EC0-301F-11D3-BF4B-00C04F79EFBC}") = "DalFactory", "DalFactory\DalFactory.csproj", "{9CA96EE2-D7DC-4B9B-839A-29D28034B305}"
EndProject
Global
	GlobalSection(SolutionConfigurationPlatforms) = preSolution
		Debug|Any CPU = Debug|Any CPU
		Debug|x64 = Debug|x64
		Release|Any CPU = Release|Any CPU
		Release|x64 = Release|x64
	EndGlobalSection
	GlobalSection(ProjectConfigurationPlatforms) = postSolution
		{C43515C8-8137-4FA9-A249-E65DD49895F5}.Debug|Any CPU.ActiveCfg = Debug|Any CPU
		{C43515C8-8137-4FA9-A249-E65DD49895F5}.Debug|Any CPU.Build.0 = Debug|Any CPU
		{C43515C8-8137-4FA9-A249-E65DD49895F5}.Debug|x64.ActiveCfg = Debug|Any CPU
		{C43515C8-8137-4FA9-A249-E65DD49895F5}.Debug|x64.Build.0 = Debug|Any CPU
		{C43515C8-8137-4FA9-A249-E65DD49895F5}.Release|Any CPU.ActiveCfg = Release|Any CPU
		{C43515C8-8137-4FA9-A249-E65DD49895F5}.Release|Any CPU.Build.0 = Release|Any CPU
		{C43515C8-8137-4FA9-A249-E65DD49895F5}.Release|x64.ActiveCfg = Release|Any CPU
		{C43515C8-8137-4FA9-A249-E65DD49895F5}.Release|x64.Build.0 = Release|Any CPU
		{DC5551FE-0C12-44D7-B9E6-63580CD88E4B}.Debug|Any CPU.ActiveCfg = Debug|Any CPU
		{DC5551FE-0C12-44D7-B9E6-63580CD88E4B}.Debug|Any CPU.Build.0 = Debug|Any CPU
		{DC5551FE-0C12-44D7-B9E6-63580CD88E4B}.Debug|x64.ActiveCfg = Debug|Any CPU
		{DC5551FE-0C12-44D7-B9E6-63580CD88E4B}.Debug|x64.Build.0 = Debug|Any CPU
		{DC5551FE-0C12-44D7-B9E6-63580CD88E4B}.Release|Any CPU.ActiveCfg = Release|Any CPU
		{DC5551FE-0C12-44D7-B9E6-63580CD88E4B}.Release|Any CPU.Build.0 = Release|Any CPU
		{DC5551FE-0C12-44D7-B9E6-63580CD88E4B}.Release|x64.ActiveCfg = Release|Any CPU
		{DC5551FE-0C12-44D7-B9E6-63580CD88E4B}.Release|x64.Build.0 = Release|Any CPU
		{9AB330C0-6423-4E40-948E-2A16068D7D94}.Debug|Any CPU.ActiveCfg = Debug|Any CPU
		{9AB330C0-6423-4E40-948E-2A16068D7D94}.Debug|Any CPU.Build.0 = Debug|Any CPU
		{9AB330C0-6423-4E40-948E-2A16068D7D94}.Debug|x64.ActiveCfg = Debug|Any CPU
		{9AB330C0-6423-4E40-948E-2A16068D7D94}.Debug|x64.Build.0 = Debug|Any CPU
		{9AB330C0-6423-4E40-948E-2A16068D7D94}.Release|Any CPU.ActiveCfg = Release|Any CPU
		{9AB330C0-6423-4E40-948E-2A16068D7D94}.Release|Any CPU.Build.0 = Release|Any CPU
		{9AB330C0-6423-4E40-948E-2A16068D7D94}.Release|x64.ActiveCfg = Release|Any CPU
		{9AB330C0-6423-4E40-948E-2A16068D7D94}.Release|x64.Build.0 = Release|Any CPU
		{15F3F546-B7F1-4605-BDB4-C20986063BED}.Debug|Any CPU.ActiveCfg = Debug|Any CPU
		{15F3F546-B7F1-4605-BDB4-C20986063BED}.Debug|Any CPU.Build.0 = Debug|Any CPU
		{15F3F546-B7F1-4605-BDB4-C20986063BED}.Debug|x64.ActiveCfg = Debug|Any CPU
		{15F3F546-B7F1-4605-BDB4-C20986063BED}.Debug|x64.Build.0 = Debug|Any CPU
		{15F3F546-B7F1-4605-BDB4-C20986063BED}.Release|Any CPU.ActiveCfg = Release|Any CPU
		{15F3F546-B7F1-4605-BDB4-C20986063BED}.Release|Any CPU.Build.0 = Release|Any CPU
		{15F3F546-B7F1-4605-BDB4-C20986063BED}.Release|x64.ActiveCfg = Release|Any CPU
		{15F3F546-B7F1-4605-BDB4-C20986063BED}.Release|x64.Build.0 = Release|Any CPU
		{E05CBCDB-1464-4FF5-B11C-D2C712E7084D}.Debug|Any CPU.ActiveCfg = Debug|Any CPU
		{E05CBCDB-1464-4FF5-B11C-D2C712E7084D}.Debug|Any CPU.Build.0 = Debug|Any CPU
		{E05CBCDB-1464-4FF5-B11C-D2C712E7084D}.Debug|x64.ActiveCfg = Debug|Any CPU
		{E05CBCDB-1464-4FF5-B11C-D2C712E7084D}.Debug|x64.Build.0 = Debug|Any CPU
		{E05CBCDB-1464-4FF5-B11C-D2C712E7084D}.Release|Any CPU.ActiveCfg = Release|Any CPU
		{E05CBCDB-1464-4FF5-B11C-D2C712E7084D}.Release|Any CPU.Build.0 = Release|Any CPU
		{E05CBCDB-1464-4FF5-B11C-D2C712E7084D}.Release|x64.ActiveCfg = Release|Any CPU
		{E05CBCDB-1464-4FF5-B11C-D2C712E7084D}.Release|x64.Build.0 = Release|Any CPU
		{AD81BC82-1F05-4871-80BF-00E13F80BC17}.Debug|Any CPU.ActiveCfg = Debug|Any CPU
		{AD81BC82-1F05-4871-80BF-00E13F80BC17}.Debug|Any CPU.Build.0 = Debug|Any CPU
		{AD81BC82-1F05-4871-80BF-00E13F80BC17}.Debug|x64.ActiveCfg = Debug|Any CPU
		{AD81BC82-1F05-4871-80BF-00E13F80BC17}.Debug|x64.Build.0 = Debug|Any CPU
		{AD81BC82-1F05-4871-80BF-00E13F80BC17}.Release|Any CPU.ActiveCfg = Release|Any CPU
		{AD81BC82-1F05-4871-80BF-00E13F80BC17}.Release|Any CPU.Build.0 = Release|Any CPU
		{AD81BC82-1F05-4871-80BF-00E13F80BC17}.Release|x64.ActiveCfg = Release|Any CPU
		{AD81BC82-1F05-4871-80BF-00E13F80BC17}.Release|x64.Build.0 = Release|Any CPU
		{9CA96EE2-D7DC-4B9B-839A-29D28034B305}.Debug|Any CPU.ActiveCfg = Debug|Any CPU
		{9CA96EE2-D7DC-4B9B-839A-29D28034B305}.Debug|Any CPU.Build.0 = Debug|Any CPU
		{9CA96EE2-D7DC-4B9B-839A-29D28034B305}.Debug|x64.ActiveCfg = Debug|Any CPU
		{9CA96EE2-D7DC-4B9B-839A-29D28034B305}.Debug|x64.Build.0 = Debug|Any CPU
		{9CA96EE2-D7DC-4B9B-839A-29D28034B305}.Release|Any CPU.ActiveCfg = Release|Any CPU
		{9CA96EE2-D7DC-4B9B-839A-29D28034B305}.Release|Any CPU.Build.0 = Release|Any CPU
		{9CA96EE2-D7DC-4B9B-839A-29D28034B305}.Release|x64.ActiveCfg = Release|Any CPU
		{9CA96EE2-D7DC-4B9B-839A-29D28034B305}.Release|x64.Build.0 = Release|Any CPU
	EndGlobalSection
	GlobalSection(SolutionProperties) = preSolution
		HideSolutionNode = FALSE
	EndGlobalSection
	GlobalSection(NestedProjects) = preSolution
		{C43515C8-8137-4FA9-A249-E65DD49895F5} = {6A17BB20-1FB8-4888-A32A-C3FD5D2948AD}
		{DC5551FE-0C12-44D7-B9E6-63580CD88E4B} = {9E7D19AB-EFCF-447C-9DA9-EAA1738AB1AC}
		{9AB330C0-6423-4E40-948E-2A16068D7D94} = {8BD87FDA-802A-4FFD-91D3-02E2B239D1C8}
		{15F3F546-B7F1-4605-BDB4-C20986063BED} = {027EA0BB-F23B-4309-840A-3E2711D2A2C7}
		{E05CBCDB-1464-4FF5-B11C-D2C712E7084D} = {3ED471C7-C3E9-4A2D-BF1D-81207ECF33E2}
		{AD81BC82-1F05-4871-80BF-00E13F80BC17} = {D01A5321-CC67-4B62-B5B2-13C210AD8E64}
		{9CA96EE2-D7DC-4B9B-839A-29D28034B305} = {D01A5321-CC67-4B62-B5B2-13C210AD8E64}
	EndGlobalSection
	GlobalSection(ExtensibilityGlobals) = postSolution
		SolutionGuid = {4664C1C9-873D-4E69-BF3A-6C71CA27CA7A}
	EndGlobalSection
EndGlobal
